
Microsoft Visual Studio Solution File, Format Version 12.00
# Visual Studio Version 16
VisualStudioVersion = 16.0.30011.22
MinimumVisualStudioVersion = 10.0.40219.1
Project("{FAE04EC0-301F-11D3-BF4B-00C04F79EFBC}") = "Lab2", "Lab2\Lab2.csproj", "{A34A0DF9-5D2D-4EE8-B88A-66F828FF08AD}"
EndProject
Global
	GlobalSection(SolutionConfigurationPlatforms) = preSolution
		Debug|Any CPU = Debug|Any CPU
		Release|Any CPU = Release|Any CPU
	EndGlobalSection
	GlobalSection(ProjectConfigurationPlatforms) = postSolution
		{A34A0DF9-5D2D-4EE8-B88A-66F828FF08AD}.Debug|Any CPU.ActiveCfg = Debug|Any CPU
		{A34A0DF9-5D2D-4EE8-B88A-66F828FF08AD}.Debug|Any CPU.Build.0 = Debug|Any CPU
		{A34A0DF9-5D2D-4EE8-B88A-66F828FF08AD}.Release|Any CPU.ActiveCfg = Release|Any CPU
		{A34A0DF9-5D2D-4EE8-B88A-66F828FF08AD}.Release|Any CPU.Build.0 = Release|Any CPU
	EndGlobalSection
	GlobalSection(SolutionProperties) = preSolution
		HideSolutionNode = FALSE
	EndGlobalSection
	GlobalSection(ExtensibilityGlobals) = postSolution
		SolutionGuid = {E63EDE92-13E7-4DD8-98BF-BB4B8D909D34}
	EndGlobalSection
EndGlobal
