
Microsoft Visual Studio Solution File, Format Version 12.00
# Visual Studio Version 16
VisualStudioVersion = 16.0.30011.22
MinimumVisualStudioVersion = 10.0.40219.1
Project("{FAE04EC0-301F-11D3-BF4B-00C04F79EFBC}") = "Lab1_web", "Lab1_web\Lab1_web.csproj", "{42EC5EDB-A753-4738-A641-657C7CCE0074}"
EndProject
Global
	GlobalSection(SolutionConfigurationPlatforms) = preSolution
		Debug|Any CPU = Debug|Any CPU
		Release|Any CPU = Release|Any CPU
	EndGlobalSection
	GlobalSection(ProjectConfigurationPlatforms) = postSolution
		{42EC5EDB-A753-4738-A641-657C7CCE0074}.Debug|Any CPU.ActiveCfg = Debug|Any CPU
		{42EC5EDB-A753-4738-A641-657C7CCE0074}.Debug|Any CPU.Build.0 = Debug|Any CPU
		{42EC5EDB-A753-4738-A641-657C7CCE0074}.Release|Any CPU.ActiveCfg = Release|Any CPU
		{42EC5EDB-A753-4738-A641-657C7CCE0074}.Release|Any CPU.Build.0 = Release|Any CPU
	EndGlobalSection
	GlobalSection(SolutionProperties) = preSolution
		HideSolutionNode = FALSE
	EndGlobalSection
	GlobalSection(ExtensibilityGlobals) = postSolution
		SolutionGuid = {6889241F-B00D-47D2-B8B0-01EC80255BC3}
	EndGlobalSection
EndGlobal
